// !$*UTF8*$!
{
	archiveVersion = 1;
	classes = {
	};
	objectVersion = 77;
	objects = {

/* Begin PBXContainerItemProxy section */
		3012D7C42E40756500913A41 /* PBXContainerItemProxy */ = {
			isa = PBXContainerItemProxy;
			containerPortal = 3012D7A22E40756300913A41 /* Project object */;
			proxyType = 1;
			remoteGlobalIDString = 3012D7A92E40756300913A41;
			remoteInfo = CoinBase;
		};
		3012D7CE2E40756500913A41 /* PBXContainerItemProxy */ = {
			isa = PBXContainerItemProxy;
			containerPortal = 3012D7A22E40756300913A41 /* Project object */;
			proxyType = 1;
			remoteGlobalIDString = 3012D7A92E40756300913A41;
			remoteInfo = CoinBase;
		};
/* End PBXContainerItemProxy section */

/* Begin PBXFileReference section */
		3012D7AA2E40756300913A41 /* CoinBase.app */ = {isa = PBXFileReference; explicitFileType = wrapper.application; includeInIndex = 0; path = CoinBase.app; sourceTree = BUILT_PRODUCTS_DIR; };
		3012D7C32E40756500913A41 /* CoinBaseTests.xctest */ = {isa = PBXFileReference; explicitFileType = wrapper.cfbundle; includeInIndex = 0; path = CoinBaseTests.xctest; sourceTree = BUILT_PRODUCTS_DIR; };
		3012D7CD2E40756500913A41 /* CoinBaseUITests.xctest */ = {isa = PBXFileReference; explicitFileType = wrapper.cfbundle; includeInIndex = 0; path = CoinBaseUITests.xctest; sourceTree = BUILT_PRODUCTS_DIR; };
/* End PBXFileReference section */

/* Begin PBXFileSystemSynchronizedBuildFileExceptionSet section */
		3012D80A2E4075A600913A41 /* Exceptions for "CoinBase" folder in "CoinBase" target */ = {
			isa = PBXFileSystemSynchronizedBuildFileExceptionSet;
			membershipExceptions = (
				Info.plist,
				UI/Components/Input/Untitled.swift,
			);
			target = 3012D7A92E40756300913A41 /* CoinBase */;
		};
/* End PBXFileSystemSynchronizedBuildFileExceptionSet section */

/* Begin PBXFileSystemSynchronizedRootGroup section */
		3012D7C62E40756500913A41 /* CoinBaseTests */ = {
			isa = PBXFileSystemSynchronizedRootGroup;
			path = CoinBaseTests;
			sourceTree = "<group>";
		};
		3012D7D02E40756500913A41 /* CoinBaseUITests */ = {
			isa = PBXFileSystemSynchronizedRootGroup;
			path = CoinBaseUITests;
			sourceTree = "<group>";
		};
		3012D8022E4075A600913A41 /* CoinBase */ = {
			isa = PBXFileSystemSynchronizedRootGroup;
			exceptions = (
				3012D80A2E4075A600913A41 /* Exceptions for "CoinBase" folder in "CoinBase" target */,
			);
			path = CoinBase;
			sourceTree = "<group>";
		};
/* End PBXFileSystemSynchronizedRootGroup section */

/* Begin PBXFrameworksBuildPhase section */
		3012D7A72E40756300913A41 /* Frameworks */ = {
			isa = PBXFrameworksBuildPhase;
			buildActionMask = 2147483647;
			files = (
			);
			runOnlyForDeploymentPostprocessing = 0;
		};
		3012D7C02E40756500913A41 /* Frameworks */ = {
			isa = PBXFrameworksBuildPhase;
			buildActionMask = 2147483647;
			files = (
			);
			runOnlyForDeploymentPostprocessing = 0;
		};
		3012D7CA2E40756500913A41 /* Frameworks */ = {
			isa = PBXFrameworksBuildPhase;
			buildActionMask = 2147483647;
			files = (
			);
			runOnlyForDeploymentPostprocessing = 0;
		};
/* End PBXFrameworksBuildPhase section */

/* Begin PBXGroup section */
		3012D7A12E40756300913A41 = {
			isa = PBXGroup;
			children = (
				3012D8022E4075A600913A41 /* CoinBase */,
				3012D7C62E40756500913A41 /* CoinBaseTests */,
				3012D7D02E40756500913A41 /* CoinBaseUITests */,
				3012D7AB2E40756300913A41 /* Products */,
			);
			sourceTree = "<group>";
		};
		3012D7AB2E40756300913A41 /* Products */ = {
			isa = PBXGroup;
			children = (
				3012D7AA2E40756300913A41 /* CoinBase.app */,
				3012D7C32E40756500913A41 /* CoinBaseTests.xctest */,
				3012D7CD2E40756500913A41 /* CoinBaseUITests.xctest */,
			);
			name = Products;
			sourceTree = "<group>";
		};
/* End PBXGroup section */

/* Begin PBXNativeTarget section */
		3012D7A92E40756300913A41 /* CoinBase */ = {
			isa = PBXNativeTarget;
			buildConfigurationList = 3012D7D62E40756500913A41 /* Build configuration list for PBXNativeTarget "CoinBase" */;
			buildPhases = (
				3012D7A62E40756300913A41 /* Sources */,
				3012D7A72E40756300913A41 /* Frameworks */,
				3012D7A82E40756300913A41 /* Resources */,
			);
			buildRules = (
			);
			dependencies = (
			);
			fileSystemSynchronizedGroups = (
				3012D8022E4075A600913A41 /* CoinBase */,
			);
			name = CoinBase;
			packageProductDependencies = (
			);
			productName = CoinBase;
			productReference = 3012D7AA2E40756300913A41 /* CoinBase.app */;
			productType = "com.apple.product-type.application";
		};
		3012D7C22E40756500913A41 /* CoinBaseTests */ = {
			isa = PBXNativeTarget;
			buildConfigurationList = 3012D7DB2E40756500913A41 /* Build configuration list for PBXNativeTarget "CoinBaseTests" */;
			buildPhases = (
				3012D7BF2E40756500913A41 /* Sources */,
				3012D7C02E40756500913A41 /* Frameworks */,
				3012D7C12E40756500913A41 /* Resources */,
			);
			buildRules = (
			);
			dependencies = (
				3012D7C52E40756500913A41 /* PBXTargetDependency */,
			);
			fileSystemSynchronizedGroups = (
				3012D7C62E40756500913A41 /* CoinBaseTests */,
			);
			name = CoinBaseTests;
			packageProductDependencies = (
			);
			productName = CoinBaseTests;
			productReference = 3012D7C32E40756500913A41 /* CoinBaseTests.xctest */;
			productType = "com.apple.product-type.bundle.unit-test";
		};
		3012D7CC2E40756500913A41 /* CoinBaseUITests */ = {
			isa = PBXNativeTarget;
			buildConfigurationList = 3012D7DE2E40756500913A41 /* Build configuration list for PBXNativeTarget "CoinBaseUITests" */;
			buildPhases = (
				3012D7C92E40756500913A41 /* Sources */,
				3012D7CA2E40756500913A41 /* Frameworks */,
				3012D7CB2E40756500913A41 /* Resources */,
			);
			buildRules = (
			);
			dependencies = (
				3012D7CF2E40756500913A41 /* PBXTargetDependency */,
			);
			fileSystemSynchronizedGroups = (
				3012D7D02E40756500913A41 /* CoinBaseUITests */,
			);
			name = CoinBaseUITests;
			packageProductDependencies = (
			);
			productName = CoinBaseUITests;
			productReference = 3012D7CD2E40756500913A41 /* CoinBaseUITests.xctest */;
			productType = "com.apple.product-type.bundle.ui-testing";
		};
/* End PBXNativeTarget section */

/* Begin PBXProject section */
		3012D7A22E40756300913A41 /* Project object */ = {
			isa = PBXProject;
			attributes = {
				BuildIndependentTargetsInParallel = 1;
				LastSwiftUpdateCheck = 1640;
				LastUpgradeCheck = 1640;
				TargetAttributes = {
					3012D7A92E40756300913A41 = {
						CreatedOnToolsVersion = 16.4;
					};
					3012D7C22E40756500913A41 = {
						CreatedOnToolsVersion = 16.4;
						TestTargetID = 3012D7A92E40756300913A41;
					};
					3012D7CC2E40756500913A41 = {
						CreatedOnToolsVersion = 16.4;
						TestTargetID = 3012D7A92E40756300913A41;
					};
				};
			};
			buildConfigurationList = 3012D7A52E40756300913A41 /* Build configuration list for PBXProject "CoinBase" */;
			developmentRegion = en;
			hasScannedForEncodings = 0;
			knownRegions = (
				en,
				Base,
			);
			mainGroup = 3012D7A12E40756300913A41;
			minimizedProjectReferenceProxies = 1;
			preferredProjectObjectVersion = 77;
			productRefGroup = 3012D7AB2E40756300913A41 /* Products */;
			projectDirPath = "";
			projectRoot = "";
			targets = (
				3012D7A92E40756300913A41 /* CoinBase */,
				3012D7C22E40756500913A41 /* CoinBaseTests */,
				3012D7CC2E40756500913A41 /* CoinBaseUITests */,
			);
		};
/* End PBXProject section */

/* Begin PBXResourcesBuildPhase section */
		3012D7A82E40756300913A41 /* Resources */ = {
			isa = PBXResourcesBuildPhase;
			buildActionMask = 2147483647;
			files = (
			);
			runOnlyForDeploymentPostprocessing = 0;
		};
		3012D7C12E40756500913A41 /* Resources */ = {
			isa = PBXResourcesBuildPhase;
			buildActionMask = 2147483647;
			files = (
			);
			runOnlyForDeploymentPostprocessing = 0;
		};
		3012D7CB2E40756500913A41 /* Resources */ = {
			isa = PBXResourcesBuildPhase;
			buildActionMask = 2147483647;
			files = (
			);
			runOnlyForDeploymentPostprocessing = 0;
		};
/* End PBXResourcesBuildPhase section */

/* Begin PBXSourcesBuildPhase section */
		3012D7A62E40756300913A41 /* Sources */ = {
			isa = PBXSourcesBuildPhase;
			buildActionMask = 2147483647;
			files = (
			);
			runOnlyForDeploymentPostprocessing = 0;
		};
		3012D7BF2E40756500913A41 /* Sources */ = {
			isa = PBXSourcesBuildPhase;
			buildActionMask = 2147483647;
			files = (
			);
			runOnlyForDeploymentPostprocessing = 0;
		};
		3012D7C92E40756500913A41 /* Sources */ = {
			isa = PBXSourcesBuildPhase;
			buildActionMask = 2147483647;
			files = (
			);
			runOnlyForDeploymentPostprocessing = 0;
		};
/* End PBXSourcesBuildPhase section */

/* Begin PBXTargetDependency section */
		3012D7C52E40756500913A41 /* PBXTargetDependency */ = {
			isa = PBXTargetDependency;
			target = 3012D7A92E40756300913A41 /* CoinBase */;
			targetProxy = 3012D7C42E40756500913A41 /* PBXContainerItemProxy */;
		};
		3012D7CF2E40756500913A41 /* PBXTargetDependency */ = {
			isa = PBXTargetDependency;
			target = 3012D7A92E40756300913A41 /* CoinBase */;
			targetProxy = 3012D7CE2E40756500913A41 /* PBXContainerItemProxy */;
		};
/* End PBXTargetDependency section */

/* Begin XCBuildConfiguration section */
		3012D7D72E40756500913A41 /* Debug */ = {
			isa = XCBuildConfiguration;
			buildSettings = {
				ASSETCATALOG_COMPILER_APPICON_NAME = AppIcon;
				ASSETCATALOG_COMPILER_GLOBAL_ACCENT_COLOR_NAME = AccentColor;
				CODE_SIGN_STYLE = Automatic;
				CURRENT_PROJECT_VERSION = 1;
				DEVELOPMENT_TEAM = WSCCKFDH94;
				GENERATE_INFOPLIST_FILE = YES;
				INFOPLIST_FILE = CoinBase/Info.plist;
				INFOPLIST_KEY_UIApplicationSupportsIndirectInputEvents = YES;
				INFOPLIST_KEY_UILaunchStoryboardName = LaunchScreen;
				INFOPLIST_KEY_UIMainStoryboardFile = Main;
				INFOPLIST_KEY_UISupportedInterfaceOrientations_iPad = "UIInterfaceOrientationPortrait UIInterfaceOrientationPortraitUpsideDown UIInterfaceOrientationLandscapeLeft UIInterfaceOrientationLandscapeRight";
				INFOPLIST_KEY_UISupportedInterfaceOrientations_iPhone = "UIInterfaceOrientationPortrait UIInterfaceOrientationLandscapeLeft UIInterfaceOrientationLandscapeRight";
				LD_RUNPATH_SEARCH_PATHS = (
					"$(inherited)",
					"@executable_path/Frameworks",
				);
				MARKETING_VERSION = 1.0;
				PRODUCT_BUNDLE_IDENTIFIER = com.coinbase.equity.CoinBase;
				PRODUCT_NAME = "$(TARGET_NAME)";
				SWIFT_EMIT_LOC_STRINGS = YES;
				SWIFT_VERSION = 5.0;
				TARGETED_DEVICE_FAMILY = "1,2";
			};
			name = Debug;
		};
		3012D7D82E40756500913A41 /* Release */ = {
			isa = XCBuildConfiguration;
			buildSettings = {
				ASSETCATALOG_COMPILER_APPICON_NAME = AppIcon;
				ASSETCATALOG_COMPILER_GLOBAL_ACCENT_COLOR_NAME = AccentColor;
				CODE_SIGN_STYLE = Automatic;
				CURRENT_PROJECT_VERSION = 1;
				DEVELOPMENT_TEAM = WSCCKFDH94;
				GENERATE_INFOPLIST_FILE = YES;
				INFOPLIST_FILE = CoinBase/Info.plist;
				INFOPLIST_KEY_UIApplicationSupportsIndirectInputEvents = YES;
				INFOPLIST_KEY_UILaunchStoryboardName = LaunchScreen;
				INFOPLIST_KEY_UIMainStoryboardFile = Main;
				INFOPLIST_KEY_UISupportedInterfaceOrientations_iPad = "UIInterfaceOrientationPortrait UIInterfaceOrientationPortraitUpsideDown UIInterfaceOrientationLandscapeLeft UIInterfaceOrientationLandscapeRight";
				INFOPLIST_KEY_UISupportedInterfaceOrientations_iPhone = "UIInterfaceOrientationPortrait UIInterfaceOrientationLandscapeLeft UIInterfaceOrientationLandscapeRight";
				LD_RUNPATH_SEARCH_PATHS = (
					"$(inherited)",
					"@executable_path/Frameworks",
				);
				MARKETING_VERSION = 1.0;
				PRODUCT_BUNDLE_IDENTIFIER = com.coinbase.equity.CoinBase;
				PRODUCT_NAME = "$(TARGET_NAME)";
				SWIFT_EMIT_LOC_STRINGS = YES;
				SWIFT_VERSION = 5.0;
				TARGETED_DEVICE_FAMILY = "1,2";
			};
			name = Release;
		};
		3012D7D92E40756500913A41 /* Debug */ = {
			isa = XCBuildConfiguration;
			buildSettings = {
				ALWAYS_SEARCH_USER_PATHS = NO;
				ASSETCATALOG_COMPILER_GENERATE_SWIFT_ASSET_SYMBOL_EXTENSIONS = YES;
				CLANG_ANALYZER_NONNULL = YES;
				CLANG_ANALYZER_NUMBER_OBJECT_CONVERSION = YES_AGGRESSIVE;
				CLANG_CXX_LANGUAGE_STANDARD = "gnu++20";
				CLANG_ENABLE_MODULES = YES;
				CLANG_ENABLE_OBJC_ARC = YES;
				CLANG_ENABLE_OBJC_WEAK = YES;
				CLANG_WARN_BLOCK_CAPTURE_AUTORELEASING = YES;
				CLANG_WARN_BOOL_CONVERSION = YES;
				CLANG_WARN_COMMA = YES;
				CLANG_WARN_CONSTANT_CONVERSION = YES;
				CLANG_WARN_DEPRECATED_OBJC_IMPLEMENTATIONS = YES;
				CLANG_WARN_DIRECT_OBJC_ISA_USAGE = YES_ERROR;
				CLANG_WARN_DOCUMENTATION_COMMENTS = YES;
				CLANG_WARN_EMPTY_BODY = YES;
				CLANG_WARN_ENUM_CONVERSION = YES;
				CLANG_WARN_INFINITE_RECURSION = YES;
				CLANG_WARN_INT_CONVERSION = YES;
				CLANG_WARN_NON_LITERAL_NULL_CONVERSION = YES;
				CLANG_WARN_OBJC_IMPLICIT_RETAIN_SELF = YES;
				CLANG_WARN_OBJC_LITERAL_CONVERSION = YES;
				CLANG_WARN_OBJC_ROOT_CLASS = YES_ERROR;
				CLANG_WARN_QUOTED_INCLUDE_IN_FRAMEWORK_HEADER = YES;
				CLANG_WARN_RANGE_LOOP_ANALYSIS = YES;
				CLANG_WARN_STRICT_PROTOTYPES = YES;
				CLANG_WARN_SUSPICIOUS_MOVE = YES;
				CLANG_WARN_UNGUARDED_AVAILABILITY = YES_AGGRESSIVE;
				CLANG_WARN_UNREACHABLE_CODE = YES;
				CLANG_WARN__DUPLICATE_METHOD_MATCH = YES;
				COPY_PHASE_STRIP = NO;
				DEBUG_INFORMATION_FORMAT = dwarf;
				DEVELOPMENT_TEAM = WSCCKFDH94;
				ENABLE_STRICT_OBJC_MSGSEND = YES;
				ENABLE_TESTABILITY = YES;
				ENABLE_USER_SCRIPT_SANDBOXING = YES;
				GCC_C_LANGUAGE_STANDARD = gnu17;
				GCC_DYNAMIC_NO_PIC = NO;
				GCC_NO_COMMON_BLOCKS = YES;
				GCC_OPTIMIZATION_LEVEL = 0;
				GCC_PREPROCESSOR_DEFINITIONS = (
					"DEBUG=1",
					"$(inherited)",
				);
				GCC_WARN_64_TO_32_BIT_CONVERSION = YES;
				GCC_WARN_ABOUT_RETURN_TYPE = YES_ERROR;
				GCC_WARN_UNDECLARED_SELECTOR = YES;
				GCC_WARN_UNINITIALIZED_AUTOS = YES_AGGRESSIVE;
				GCC_WARN_UNUSED_FUNCTION = YES;
				GCC_WARN_UNUSED_VARIABLE = YES;
				IPHONEOS_DEPLOYMENT_TARGET = 18.5;
				LOCALIZATION_PREFERS_STRING_CATALOGS = YES;
				MTL_ENABLE_DEBUG_INFO = INCLUDE_SOURCE;
				MTL_FAST_MATH = YES;
				ONLY_ACTIVE_ARCH = YES;
				SDKROOT = iphoneos;
				SWIFT_ACTIVE_COMPILATION_CONDITIONS = "DEBUG $(inherited)";
				SWIFT_OPTIMIZATION_LEVEL = "-Onone";
			};
			name = Debug;
		};
		3012D7DA2E40756500913A41 /* Release */ = {
			isa = XCBuildConfiguration;
			buildSettings = {
				ALWAYS_SEARCH_USER_PATHS = NO;
				ASSETCATALOG_COMPILER_GENERATE_SWIFT_ASSET_SYMBOL_EXTENSIONS = YES;
				CLANG_ANALYZER_NONNULL = YES;
				CLANG_ANALYZER_NUMBER_OBJECT_CONVERSION = YES_AGGRESSIVE;
				CLANG_CXX_LANGUAGE_STANDARD = "gnu++20";
				CLANG_ENABLE_MODULES = YES;
				CLANG_ENABLE_OBJC_ARC = YES;
				CLANG_ENABLE_OBJC_WEAK = YES;
				CLANG_WARN_BLOCK_CAPTURE_AUTORELEASING = YES;
				CLANG_WARN_BOOL_CONVERSION = YES;
				CLANG_WARN_COMMA = YES;
				CLANG_WARN_CONSTANT_CONVERSION = YES;
				CLANG_WARN_DEPRECATED_OBJC_IMPLEMENTATIONS = YES;
				CLANG_WARN_DIRECT_OBJC_ISA_USAGE = YES_ERROR;
				CLANG_WARN_DOCUMENTATION_COMMENTS = YES;
				CLANG_WARN_EMPTY_BODY = YES;
				CLANG_WARN_ENUM_CONVERSION = YES;
				CLANG_WARN_INFINITE_RECURSION = YES;
				CLANG_WARN_INT_CONVERSION = YES;
				CLANG_WARN_NON_LITERAL_NULL_CONVERSION = YES;
				CLANG_WARN_OBJC_IMPLICIT_RETAIN_SELF = YES;
				CLANG_WARN_OBJC_LITERAL_CONVERSION = YES;
				CLANG_WARN_OBJC_ROOT_CLASS = YES_ERROR;
				CLANG_WARN_QUOTED_INCLUDE_IN_FRAMEWORK_HEADER = YES;
				CLANG_WARN_RANGE_LOOP_ANALYSIS = YES;
				CLANG_WARN_STRICT_PROTOTYPES = YES;
				CLANG_WARN_SUSPICIOUS_MOVE = YES;
				CLANG_WARN_UNGUARDED_AVAILABILITY = YES_AGGRESSIVE;
				CLANG_WARN_UNREACHABLE_CODE = YES;
				CLANG_WARN__DUPLICATE_METHOD_MATCH = YES;
				COPY_PHASE_STRIP = NO;
				DEBUG_INFORMATION_FORMAT = "dwarf-with-dsym";
				DEVELOPMENT_TEAM = WSCCKFDH94;
				ENABLE_NS_ASSERTIONS = NO;
				ENABLE_STRICT_OBJC_MSGSEND = YES;
				ENABLE_USER_SCRIPT_SANDBOXING = YES;
				GCC_C_LANGUAGE_STANDARD = gnu17;
				GCC_NO_COMMON_BLOCKS = YES;
				GCC_WARN_64_TO_32_BIT_CONVERSION = YES;
				GCC_WARN_ABOUT_RETURN_TYPE = YES_ERROR;
				GCC_WARN_UNDECLARED_SELECTOR = YES;
				GCC_WARN_UNINITIALIZED_AUTOS = YES_AGGRESSIVE;
				GCC_WARN_UNUSED_FUNCTION = YES;
				GCC_WARN_UNUSED_VARIABLE = YES;
				IPHONEOS_DEPLOYMENT_TARGET = 18.5;
				LOCALIZATION_PREFERS_STRING_CATALOGS = YES;
				MTL_ENABLE_DEBUG_INFO = NO;
				MTL_FAST_MATH = YES;
				SDKROOT = iphoneos;
				SWIFT_COMPILATION_MODE = wholemodule;
				VALIDATE_PRODUCT = YES;
			};
			name = Release;
		};
		3012D7DC2E40756500913A41 /* Debug */ = {
			isa = XCBuildConfiguration;
			buildSettings = {
				BUNDLE_LOADER = "$(TEST_HOST)";
				CODE_SIGN_STYLE = Automatic;
				CURRENT_PROJECT_VERSION = 1;
				DEVELOPMENT_TEAM = WSCCKFDH94;
				GENERATE_INFOPLIST_FILE = YES;
				IPHONEOS_DEPLOYMENT_TARGET = 18.5;
				MARKETING_VERSION = 1.0;
				PRODUCT_BUNDLE_IDENTIFIER = com.coinbase.equity.CoinBaseTests;
				PRODUCT_NAME = "$(TARGET_NAME)";
				SWIFT_EMIT_LOC_STRINGS = NO;
				SWIFT_VERSION = 5.0;
				TARGETED_DEVICE_FAMILY = "1,2";
				TEST_HOST = "$(BUILT_PRODUCTS_DIR)/CoinBase.app/$(BUNDLE_EXECUTABLE_FOLDER_PATH)/CoinBase";
			};
			name = Debug;
		};
		3012D7DD2E40756500913A41 /* Release */ = {
			isa = XCBuildConfiguration;
			buildSettings = {
				BUNDLE_LOADER = "$(TEST_HOST)";
				CODE_SIGN_STYLE = Automatic;
				CURRENT_PROJECT_VERSION = 1;
				DEVELOPMENT_TEAM = WSCCKFDH94;
				GENERATE_INFOPLIST_FILE = YES;
				IPHONEOS_DEPLOYMENT_TARGET = 18.5;
				MARKETING_VERSION = 1.0;
				PRODUCT_BUNDLE_IDENTIFIER = com.coinbase.equity.CoinBaseTests;
				PRODUCT_NAME = "$(TARGET_NAME)";
				SWIFT_EMIT_LOC_STRINGS = NO;
				SWIFT_VERSION = 5.0;
				TARGETED_DEVICE_FAMILY = "1,2";
				TEST_HOST = "$(BUILT_PRODUCTS_DIR)/CoinBase.app/$(BUNDLE_EXECUTABLE_FOLDER_PATH)/CoinBase";
			};
			name = Release;
		};
		3012D7DF2E40756500913A41 /* Debug */ = {
			isa = XCBuildConfiguration;
			buildSettings = {
				CODE_SIGN_STYLE = Automatic;
				CURRENT_PROJECT_VERSION = 1;
				DEVELOPMENT_TEAM = WSCCKFDH94;
				GENERATE_INFOPLIST_FILE = YES;
				MARKETING_VERSION = 1.0;
				PRODUCT_BUNDLE_IDENTIFIER = com.coinbase.equity.CoinBaseUITests;
				PRODUCT_NAME = "$(TARGET_NAME)";
				SWIFT_EMIT_LOC_STRINGS = NO;
				SWIFT_VERSION = 5.0;
				TARGETED_DEVICE_FAMILY = "1,2";
				TEST_TARGET_NAME = CoinBase;
			};
			name = Debug;
		};
		3012D7E02E40756500913A41 /* Release */ = {
			isa = XCBuildConfiguration;
			buildSettings = {
				CODE_SIGN_STYLE = Automatic;
				CURRENT_PROJECT_VERSION = 1;
				DEVELOPMENT_TEAM = WSCCKFDH94;
				GENERATE_INFOPLIST_FILE = YES;
				MARKETING_VERSION = 1.0;
				PRODUCT_BUNDLE_IDENTIFIER = com.coinbase.equity.CoinBaseUITests;
				PRODUCT_NAME = "$(TARGET_NAME)";
				SWIFT_EMIT_LOC_STRINGS = NO;
				SWIFT_VERSION = 5.0;
				TARGETED_DEVICE_FAMILY = "1,2";
				TEST_TARGET_NAME = CoinBase;
			};
			name = Release;
		};
/* End XCBuildConfiguration section */

/* Begin XCConfigurationList section */
		3012D7A52E40756300913A41 /* Build configuration list for PBXProject "CoinBase" */ = {
			isa = XCConfigurationList;
			buildConfigurations = (
				3012D7D92E40756500913A41 /* Debug */,
				3012D7DA2E40756500913A41 /* Release */,
			);
			defaultConfigurationIsVisible = 0;
			defaultConfigurationName = Release;
		};
		3012D7D62E40756500913A41 /* Build configuration list for PBXNativeTarget "CoinBase" */ = {
			isa = XCConfigurationList;
			buildConfigurations = (
				3012D7D72E40756500913A41 /* Debug */,
				3012D7D82E40756500913A41 /* Release */,
			);
			defaultConfigurationIsVisible = 0;
			defaultConfigurationName = Release;
		};
		3012D7DB2E40756500913A41 /* Build configuration list for PBXNativeTarget "CoinBaseTests" */ = {
			isa = XCConfigurationList;
			buildConfigurations = (
				3012D7DC2E40756500913A41 /* Debug */,
				3012D7DD2E40756500913A41 /* Release */,
			);
			defaultConfigurationIsVisible = 0;
			defaultConfigurationName = Release;
		};
		3012D7DE2E40756500913A41 /* Build configuration list for PBXNativeTarget "CoinBaseUITests" */ = {
			isa = XCConfigurationList;
			buildConfigurations = (
				3012D7DF2E40756500913A41 /* Debug */,
				3012D7E02E40756500913A41 /* Release */,
			);
			defaultConfigurationIsVisible = 0;
			defaultConfigurationName = Release;
		};
/* End XCConfigurationList section */
	};
	rootObject = 3012D7A22E40756300913A41 /* Project object */;
}
